
Microsoft Visual Studio Solution File, Format Version 12.00
# Visual Studio Version 17
VisualStudioVersion = 17.3.32929.385
MinimumVisualStudioVersion = 10.0.40219.1
Project("{FAE04EC0-301F-11D3-BF4B-00C04F79EFBC}") = "comtrade matura-Vuk Pejovic", "comtrade matura-Vuk Pejovic.csproj", "{B25C7627-99A9-40D2-85F0-77F03998FAA6}"
EndProject
Global
	GlobalSection(SolutionConfigurationPlatforms) = preSolution
		Debug|Any CPU = Debug|Any CPU
		Release|Any CPU = Release|Any CPU
	EndGlobalSection
	GlobalSection(ProjectConfigurationPlatforms) = postSolution
		{B25C7627-99A9-40D2-85F0-77F03998FAA6}.Debug|Any CPU.ActiveCfg = Debug|Any CPU
		{B25C7627-99A9-40D2-85F0-77F03998FAA6}.Debug|Any CPU.Build.0 = Debug|Any CPU
		{B25C7627-99A9-40D2-85F0-77F03998FAA6}.Release|Any CPU.ActiveCfg = Release|Any CPU
		{B25C7627-99A9-40D2-85F0-77F03998FAA6}.Release|Any CPU.Build.0 = Release|Any CPU
	EndGlobalSection
	GlobalSection(SolutionProperties) = preSolution
		HideSolutionNode = FALSE
	EndGlobalSection
	GlobalSection(ExtensibilityGlobals) = postSolution
		SolutionGuid = {5679677F-244C-47F9-BF53-34EF83726DA6}
	EndGlobalSection
EndGlobal
